
Microsoft Visual Studio Solution File, Format Version 12.00
# Visual Studio Version 16
VisualStudioVersion = 16.0.31025.194
MinimumVisualStudioVersion = 10.0.40219.1
Project("{9A19103F-16F7-4668-BE54-9A1E7A4F7556}") = "Computadoras", "Computadroas\Computadoras.csproj", "{6BD309D2-22F0-46F6-A8B5-2A53FD5476E7}"
EndProject
Global
	GlobalSection(SolutionConfigurationPlatforms) = preSolution
		Debug|Any CPU = Debug|Any CPU
		Release|Any CPU = Release|Any CPU
	EndGlobalSection
	GlobalSection(ProjectConfigurationPlatforms) = postSolution
		{6BD309D2-22F0-46F6-A8B5-2A53FD5476E7}.Debug|Any CPU.ActiveCfg = Debug|Any CPU
		{6BD309D2-22F0-46F6-A8B5-2A53FD5476E7}.Debug|Any CPU.Build.0 = Debug|Any CPU
		{6BD309D2-22F0-46F6-A8B5-2A53FD5476E7}.Release|Any CPU.ActiveCfg = Release|Any CPU
		{6BD309D2-22F0-46F6-A8B5-2A53FD5476E7}.Release|Any CPU.Build.0 = Release|Any CPU
	EndGlobalSection
	GlobalSection(SolutionProperties) = preSolution
		HideSolutionNode = FALSE
	EndGlobalSection
	GlobalSection(ExtensibilityGlobals) = postSolution
		SolutionGuid = {F335C550-DEFD-47A6-AE64-1D7DDCD41E48}
	EndGlobalSection
EndGlobal
